
Microsoft Visual Studio Solution File, Format Version 12.00
# Visual Studio Version 17
VisualStudioVersion = 17.14.36203.30 d17.14
MinimumVisualStudioVersion = 10.0.40219.1
Project("{FAE04EC0-301F-11D3-BF4B-00C04F79EFBC}") = "GofPatterns.FactoryMethod", "GofPatterns.FactoryMethod\GofPatterns.FactoryMethod.csproj", "{11775243-1C55-41E2-8500-A555DAA1E557}"
EndProject
Global
	GlobalSection(SolutionConfigurationPlatforms) = preSolution
		Debug|Any CPU = Debug|Any CPU
		Release|Any CPU = Release|Any CPU
	EndGlobalSection
	GlobalSection(ProjectConfigurationPlatforms) = postSolution
		{11775243-1C55-41E2-8500-A555DAA1E557}.Debug|Any CPU.ActiveCfg = Debug|Any CPU
		{11775243-1C55-41E2-8500-A555DAA1E557}.Debug|Any CPU.Build.0 = Debug|Any CPU
		{11775243-1C55-41E2-8500-A555DAA1E557}.Release|Any CPU.ActiveCfg = Release|Any CPU
		{11775243-1C55-41E2-8500-A555DAA1E557}.Release|Any CPU.Build.0 = Release|Any CPU
	EndGlobalSection
	GlobalSection(SolutionProperties) = preSolution
		HideSolutionNode = FALSE
	EndGlobalSection
	GlobalSection(ExtensibilityGlobals) = postSolution
		SolutionGuid = {D15CC778-4D9F-4925-B9EC-7A6E83E5C893}
	EndGlobalSection
EndGlobal
